// !$*UTF8*$!
{
	archiveVersion = 1;
	classes = {
	};
	objectVersion = 46;
	objects = {

/* Begin PBXBuildFile section */
		101534D11FA65F6600BF9F91 /* VCLLoggingViewController.swift in Sources */ = {isa = PBXBuildFile; fileRef = 101534D01FA65F6600BF9F91 /* VCLLoggingViewController.swift */; };
		102045F51F993A0600865EAC /* AxesDrawer.swift in Sources */ = {isa = PBXBuildFile; fileRef = 102045F01F993A0600865EAC /* AxesDrawer.swift */; };
		102045F71F993A0600865EAC /* GraphView.swift in Sources */ = {isa = PBXBuildFile; fileRef = 102045F21F993A0600865EAC /* GraphView.swift */; };
		102045F81F993A0600865EAC /* GraphViewController.swift in Sources */ = {isa = PBXBuildFile; fileRef = 102045F31F993A0600865EAC /* GraphViewController.swift */; };
		1020D0211FB89686007BBDA2 /* UserDefaultsExtension.swift in Sources */ = {isa = PBXBuildFile; fileRef = 1020D0201FB89686007BBDA2 /* UserDefaultsExtension.swift */; };
		1025BAEE1FC00416006E4B3F /* MasterShowingSplitViewController.swift in Sources */ = {isa = PBXBuildFile; fileRef = 1025BAED1FC00416006E4B3F /* MasterShowingSplitViewController.swift */; };
		10A1D15E1F93FC7B00A02F2F /* AppDelegate.swift in Sources */ = {isa = PBXBuildFile; fileRef = 10A1D15D1F93FC7B00A02F2F /* AppDelegate.swift */; };
		10A1D1601F93FC7B00A02F2F /* CalculatorViewController.swift in Sources */ = {isa = PBXBuildFile; fileRef = 10A1D15F1F93FC7B00A02F2F /* CalculatorViewController.swift */; };
		10A1D1631F93FC7B00A02F2F /* Main.storyboard in Resources */ = {isa = PBXBuildFile; fileRef = 10A1D1611F93FC7B00A02F2F /* Main.storyboard */; };
		10A1D1651F93FC7B00A02F2F /* Assets.xcassets in Resources */ = {isa = PBXBuildFile; fileRef = 10A1D1641F93FC7B00A02F2F /* Assets.xcassets */; };
		10A1D1681F93FC7B00A02F2F /* LaunchScreen.storyboard in Resources */ = {isa = PBXBuildFile; fileRef = 10A1D1661F93FC7B00A02F2F /* LaunchScreen.storyboard */; };
		10A1D1701F93FD0D00A02F2F /* CalculatorBrain.swift in Sources */ = {isa = PBXBuildFile; fileRef = 10A1D16F1F93FD0D00A02F2F /* CalculatorBrain.swift */; };
/* End PBXBuildFile section */

/* Begin PBXFileReference section */
		101534D01FA65F6600BF9F91 /* VCLLoggingViewController.swift */ = {isa = PBXFileReference; fileEncoding = 4; lastKnownFileType = sourcecode.swift; path = VCLLoggingViewController.swift; sourceTree = "<group>"; };
		102045F01F993A0600865EAC /* AxesDrawer.swift */ = {isa = PBXFileReference; fileEncoding = 4; lastKnownFileType = sourcecode.swift; path = AxesDrawer.swift; sourceTree = "<group>"; };
		102045F21F993A0600865EAC /* GraphView.swift */ = {isa = PBXFileReference; fileEncoding = 4; lastKnownFileType = sourcecode.swift; path = GraphView.swift; sourceTree = "<group>"; };
		102045F31F993A0600865EAC /* GraphViewController.swift */ = {isa = PBXFileReference; fileEncoding = 4; lastKnownFileType = sourcecode.swift; path = GraphViewController.swift; sourceTree = "<group>"; };
		1020D0201FB89686007BBDA2 /* UserDefaultsExtension.swift */ = {isa = PBXFileReference; fileEncoding = 4; lastKnownFileType = sourcecode.swift; path = UserDefaultsExtension.swift; sourceTree = "<group>"; };
		1025BAED1FC00416006E4B3F /* MasterShowingSplitViewController.swift */ = {isa = PBXFileReference; fileEncoding = 4; lastKnownFileType = sourcecode.swift; path = MasterShowingSplitViewController.swift; sourceTree = "<group>"; };
		10A1D15A1F93FC7B00A02F2F /* Graphing Calculator.app */ = {isa = PBXFileReference; explicitFileType = wrapper.application; includeInIndex = 0; path = "Graphing Calculator.app"; sourceTree = BUILT_PRODUCTS_DIR; };
		10A1D15D1F93FC7B00A02F2F /* AppDelegate.swift */ = {isa = PBXFileReference; lastKnownFileType = sourcecode.swift; path = AppDelegate.swift; sourceTree = "<group>"; };
		10A1D15F1F93FC7B00A02F2F /* CalculatorViewController.swift */ = {isa = PBXFileReference; lastKnownFileType = sourcecode.swift; path = CalculatorViewController.swift; sourceTree = "<group>"; };
		10A1D1621F93FC7B00A02F2F /* Base */ = {isa = PBXFileReference; lastKnownFileType = file.storyboard; name = Base; path = Base.lproj/Main.storyboard; sourceTree = "<group>"; };
		10A1D1641F93FC7B00A02F2F /* Assets.xcassets */ = {isa = PBXFileReference; lastKnownFileType = folder.assetcatalog; path = Assets.xcassets; sourceTree = "<group>"; };
		10A1D1671F93FC7B00A02F2F /* Base */ = {isa = PBXFileReference; lastKnownFileType = file.storyboard; name = Base; path = Base.lproj/LaunchScreen.storyboard; sourceTree = "<group>"; };
		10A1D1691F93FC7B00A02F2F /* Info.plist */ = {isa = PBXFileReference; lastKnownFileType = text.plist.xml; path = Info.plist; sourceTree = "<group>"; };
		10A1D16F1F93FD0D00A02F2F /* CalculatorBrain.swift */ = {isa = PBXFileReference; fileEncoding = 4; lastKnownFileType = sourcecode.swift; path = CalculatorBrain.swift; sourceTree = "<group>"; };
/* End PBXFileReference section */

/* Begin PBXFrameworksBuildPhase section */
		10A1D1571F93FC7B00A02F2F /* Frameworks */ = {
			isa = PBXFrameworksBuildPhase;
			buildActionMask = 2147483647;
			files = (
			);
			runOnlyForDeploymentPostprocessing = 0;
		};
/* End PBXFrameworksBuildPhase section */

/* Begin PBXGroup section */
		10A1D1511F93FC7B00A02F2F = {
			isa = PBXGroup;
			children = (
				10A1D15C1F93FC7B00A02F2F /* Graphing Calculator */,
				10A1D15B1F93FC7B00A02F2F /* Products */,
			);
			sourceTree = "<group>";
		};
		10A1D15B1F93FC7B00A02F2F /* Products */ = {
			isa = PBXGroup;
			children = (
				10A1D15A1F93FC7B00A02F2F /* Graphing Calculator.app */,
			);
			name = Products;
			sourceTree = "<group>";
		};
		10A1D15C1F93FC7B00A02F2F /* Graphing Calculator */ = {
			isa = PBXGroup;
			children = (
				10A1D15F1F93FC7B00A02F2F /* CalculatorViewController.swift */,
				10A1D16F1F93FD0D00A02F2F /* CalculatorBrain.swift */,
				10A1D1611F93FC7B00A02F2F /* Main.storyboard */,
				102045F01F993A0600865EAC /* AxesDrawer.swift */,
				102045F21F993A0600865EAC /* GraphView.swift */,
				102045F31F993A0600865EAC /* GraphViewController.swift */,
				10A1D1711F93FF0100A02F2F /* Supporting Files */,
			);
			path = "Graphing Calculator";
			sourceTree = "<group>";
		};
		10A1D1711F93FF0100A02F2F /* Supporting Files */ = {
			isa = PBXGroup;
			children = (
				1025BAED1FC00416006E4B3F /* MasterShowingSplitViewController.swift */,
				1020D0201FB89686007BBDA2 /* UserDefaultsExtension.swift */,
				101534D01FA65F6600BF9F91 /* VCLLoggingViewController.swift */,
				10A1D15D1F93FC7B00A02F2F /* AppDelegate.swift */,
				10A1D1641F93FC7B00A02F2F /* Assets.xcassets */,
				10A1D1661F93FC7B00A02F2F /* LaunchScreen.storyboard */,
				10A1D1691F93FC7B00A02F2F /* Info.plist */,
			);
			name = "Supporting Files";
			sourceTree = "<group>";
		};
/* End PBXGroup section */

/* Begin PBXNativeTarget section */
		10A1D1591F93FC7B00A02F2F /* Graphing Calculator */ = {
			isa = PBXNativeTarget;
			buildConfigurationList = 10A1D16C1F93FC7B00A02F2F /* Build configuration list for PBXNativeTarget "Graphing Calculator" */;
			buildPhases = (
				10A1D1561F93FC7B00A02F2F /* Sources */,
				10A1D1571F93FC7B00A02F2F /* Frameworks */,
				10A1D1581F93FC7B00A02F2F /* Resources */,
			);
			buildRules = (
			);
			dependencies = (
			);
			name = "Graphing Calculator";
			productName = "Graphing Calculator";
			productReference = 10A1D15A1F93FC7B00A02F2F /* Graphing Calculator.app */;
			productType = "com.apple.product-type.application";
		};
/* End PBXNativeTarget section */

/* Begin PBXProject section */
		10A1D1521F93FC7B00A02F2F /* Project object */ = {
			isa = PBXProject;
			attributes = {
				LastSwiftUpdateCheck = 0830;
				LastUpgradeCheck = 0830;
				ORGANIZATIONNAME = "Ömer Yetik";
				TargetAttributes = {
					10A1D1591F93FC7B00A02F2F = {
						CreatedOnToolsVersion = 8.3.3;
						DevelopmentTeam = P658HNJ7QX;
						ProvisioningStyle = Automatic;
					};
				};
			};
			buildConfigurationList = 10A1D1551F93FC7B00A02F2F /* Build configuration list for PBXProject "Graphing Calculator" */;
			compatibilityVersion = "Xcode 3.2";
			developmentRegion = English;
			hasScannedForEncodings = 0;
			knownRegions = (
				en,
				Base,
			);
			mainGroup = 10A1D1511F93FC7B00A02F2F;
			productRefGroup = 10A1D15B1F93FC7B00A02F2F /* Products */;
			projectDirPath = "";
			projectRoot = "";
			targets = (
				10A1D1591F93FC7B00A02F2F /* Graphing Calculator */,
			);
		};
/* End PBXProject section */

/* Begin PBXResourcesBuildPhase section */
		10A1D1581F93FC7B00A02F2F /* Resources */ = {
			isa = PBXResourcesBuildPhase;
			buildActionMask = 2147483647;
			files = (
				10A1D1681F93FC7B00A02F2F /* LaunchScreen.storyboard in Resources */,
				10A1D1651F93FC7B00A02F2F /* Assets.xcassets in Resources */,
				10A1D1631F93FC7B00A02F2F /* Main.storyboard in Resources */,
			);
			runOnlyForDeploymentPostprocessing = 0;
		};
/* End PBXResourcesBuildPhase section */

/* Begin PBXSourcesBuildPhase section */
		10A1D1561F93FC7B00A02F2F /* Sources */ = {
			isa = PBXSourcesBuildPhase;
			buildActionMask = 2147483647;
			files = (
				101534D11FA65F6600BF9F91 /* VCLLoggingViewController.swift in Sources */,
				10A1D1701F93FD0D00A02F2F /* CalculatorBrain.swift in Sources */,
				1020D0211FB89686007BBDA2 /* UserDefaultsExtension.swift in Sources */,
				102045F51F993A0600865EAC /* AxesDrawer.swift in Sources */,
				102045F81F993A0600865EAC /* GraphViewController.swift in Sources */,
				10A1D1601F93FC7B00A02F2F /* CalculatorViewController.swift in Sources */,
				1025BAEE1FC00416006E4B3F /* MasterShowingSplitViewController.swift in Sources */,
				10A1D15E1F93FC7B00A02F2F /* AppDelegate.swift in Sources */,
				102045F71F993A0600865EAC /* GraphView.swift in Sources */,
			);
			runOnlyForDeploymentPostprocessing = 0;
		};
/* End PBXSourcesBuildPhase section */

/* Begin PBXVariantGroup section */
		10A1D1611F93FC7B00A02F2F /* Main.storyboard */ = {
			isa = PBXVariantGroup;
			children = (
				10A1D1621F93FC7B00A02F2F /* Base */,
			);
			name = Main.storyboard;
			sourceTree = "<group>";
		};
		10A1D1661F93FC7B00A02F2F /* LaunchScreen.storyboard */ = {
			isa = PBXVariantGroup;
			children = (
				10A1D1671F93FC7B00A02F2F /* Base */,
			);
			name = LaunchScreen.storyboard;
			sourceTree = "<group>";
		};
/* End PBXVariantGroup section */

/* Begin XCBuildConfiguration section */
		10A1D16A1F93FC7B00A02F2F /* Debug */ = {
			isa = XCBuildConfiguration;
			buildSettings = {
				ALWAYS_SEARCH_USER_PATHS = NO;
				CLANG_ANALYZER_NONNULL = YES;
				CLANG_ANALYZER_NUMBER_OBJECT_CONVERSION = YES_AGGRESSIVE;
				CLANG_CXX_LANGUAGE_STANDARD = "gnu++0x";
				CLANG_CXX_LIBRARY = "libc++";
				CLANG_ENABLE_MODULES = YES;
				CLANG_ENABLE_OBJC_ARC = YES;
				CLANG_WARN_BOOL_CONVERSION = YES;
				CLANG_WARN_CONSTANT_CONVERSION = YES;
				CLANG_WARN_DIRECT_OBJC_ISA_USAGE = YES_ERROR;
				CLANG_WARN_DOCUMENTATION_COMMENTS = YES;
				CLANG_WARN_EMPTY_BODY = YES;
				CLANG_WARN_ENUM_CONVERSION = YES;
				CLANG_WARN_INFINITE_RECURSION = YES;
				CLANG_WARN_INT_CONVERSION = YES;
				CLANG_WARN_OBJC_ROOT_CLASS = YES_ERROR;
				CLANG_WARN_SUSPICIOUS_MOVE = YES;
				CLANG_WARN_UNREACHABLE_CODE = YES;
				CLANG_WARN__DUPLICATE_METHOD_MATCH = YES;
				"CODE_SIGN_IDENTITY[sdk=iphoneos*]" = "iPhone Developer";
				COPY_PHASE_STRIP = NO;
				DEBUG_INFORMATION_FORMAT = dwarf;
				ENABLE_STRICT_OBJC_MSGSEND = YES;
				ENABLE_TESTABILITY = YES;
				GCC_C_LANGUAGE_STANDARD = gnu99;
				GCC_DYNAMIC_NO_PIC = NO;
				GCC_NO_COMMON_BLOCKS = YES;
				GCC_OPTIMIZATION_LEVEL = 0;
				GCC_PREPROCESSOR_DEFINITIONS = (
					"DEBUG=1",
					"$(inherited)",
				);
				GCC_WARN_64_TO_32_BIT_CONVERSION = YES;
				GCC_WARN_ABOUT_RETURN_TYPE = YES_ERROR;
				GCC_WARN_UNDECLARED_SELECTOR = YES;
				GCC_WARN_UNINITIALIZED_AUTOS = YES_AGGRESSIVE;
				GCC_WARN_UNUSED_FUNCTION = YES;
				GCC_WARN_UNUSED_VARIABLE = YES;
				IPHONEOS_DEPLOYMENT_TARGET = 10.3;
				MTL_ENABLE_DEBUG_INFO = YES;
				ONLY_ACTIVE_ARCH = YES;
				SDKROOT = iphoneos;
				SWIFT_ACTIVE_COMPILATION_CONDITIONS = DEBUG;
				SWIFT_OPTIMIZATION_LEVEL = "-Onone";
				TARGETED_DEVICE_FAMILY = "1,2";
			};
			name = Debug;
		};
		10A1D16B1F93FC7B00A02F2F /* Release */ = {
			isa = XCBuildConfiguration;
			buildSettings = {
				ALWAYS_SEARCH_USER_PATHS = NO;
				CLANG_ANALYZER_NONNULL = YES;
				CLANG_ANALYZER_NUMBER_OBJECT_CONVERSION = YES_AGGRESSIVE;
				CLANG_CXX_LANGUAGE_STANDARD = "gnu++0x";
				CLANG_CXX_LIBRARY = "libc++";
				CLANG_ENABLE_MODULES = YES;
				CLANG_ENABLE_OBJC_ARC = YES;
				CLANG_WARN_BOOL_CONVERSION = YES;
				CLANG_WARN_CONSTANT_CONVERSION = YES;
				CLANG_WARN_DIRECT_OBJC_ISA_USAGE = YES_ERROR;
				CLANG_WARN_DOCUMENTATION_COMMENTS = YES;
				CLANG_WARN_EMPTY_BODY = YES;
				CLANG_WARN_ENUM_CONVERSION = YES;
				CLANG_WARN_INFINITE_RECURSION = YES;
				CLANG_WARN_INT_CONVERSION = YES;
				CLANG_WARN_OBJC_ROOT_CLASS = YES_ERROR;
				CLANG_WARN_SUSPICIOUS_MOVE = YES;
				CLANG_WARN_UNREACHABLE_CODE = YES;
				CLANG_WARN__DUPLICATE_METHOD_MATCH = YES;
				"CODE_SIGN_IDENTITY[sdk=iphoneos*]" = "iPhone Developer";
				COPY_PHASE_STRIP = NO;
				DEBUG_INFORMATION_FORMAT = "dwarf-with-dsym";
				ENABLE_NS_ASSERTIONS = NO;
				ENABLE_STRICT_OBJC_MSGSEND = YES;
				GCC_C_LANGUAGE_STANDARD = gnu99;
				GCC_NO_COMMON_BLOCKS = YES;
				GCC_WARN_64_TO_32_BIT_CONVERSION = YES;
				GCC_WARN_ABOUT_RETURN_TYPE = YES_ERROR;
				GCC_WARN_UNDECLARED_SELECTOR = YES;
				GCC_WARN_UNINITIALIZED_AUTOS = YES_AGGRESSIVE;
				GCC_WARN_UNUSED_FUNCTION = YES;
				GCC_WARN_UNUSED_VARIABLE = YES;
				IPHONEOS_DEPLOYMENT_TARGET = 10.3;
				MTL_ENABLE_DEBUG_INFO = NO;
				SDKROOT = iphoneos;
				SWIFT_OPTIMIZATION_LEVEL = "-Owholemodule";
				TARGETED_DEVICE_FAMILY = "1,2";
				VALIDATE_PRODUCT = YES;
			};
			name = Release;
		};
		10A1D16D1F93FC7B00A02F2F /* Debug */ = {
			isa = XCBuildConfiguration;
			buildSettings = {
				ASSETCATALOG_COMPILER_APPICON_NAME = AppIcon;
				DEVELOPMENT_TEAM = P658HNJ7QX;
				INFOPLIST_FILE = "Graphing Calculator/Info.plist";
				LD_RUNPATH_SEARCH_PATHS = "$(inherited) @executable_path/Frameworks";
				PRODUCT_BUNDLE_IDENTIFIER = "edu.stanford.cs193p.OmerYetik.Graphing-Calculator";
				PRODUCT_NAME = "$(TARGET_NAME)";
				SWIFT_VERSION = 3.0;
			};
			name = Debug;
		};
		10A1D16E1F93FC7B00A02F2F /* Release */ = {
			isa = XCBuildConfiguration;
			buildSettings = {
				ASSETCATALOG_COMPILER_APPICON_NAME = AppIcon;
				DEVELOPMENT_TEAM = P658HNJ7QX;
				INFOPLIST_FILE = "Graphing Calculator/Info.plist";
				LD_RUNPATH_SEARCH_PATHS = "$(inherited) @executable_path/Frameworks";
				PRODUCT_BUNDLE_IDENTIFIER = "edu.stanford.cs193p.OmerYetik.Graphing-Calculator";
				PRODUCT_NAME = "$(TARGET_NAME)";
				SWIFT_VERSION = 3.0;
			};
			name = Release;
		};
/* End XCBuildConfiguration section */

/* Begin XCConfigurationList section */
		10A1D1551F93FC7B00A02F2F /* Build configuration list for PBXProject "Graphing Calculator" */ = {
			isa = XCConfigurationList;
			buildConfigurations = (
				10A1D16A1F93FC7B00A02F2F /* Debug */,
				10A1D16B1F93FC7B00A02F2F /* Release */,
			);
			defaultConfigurationIsVisible = 0;
			defaultConfigurationName = Release;
		};
		10A1D16C1F93FC7B00A02F2F /* Build configuration list for PBXNativeTarget "Graphing Calculator" */ = {
			isa = XCConfigurationList;
			buildConfigurations = (
				10A1D16D1F93FC7B00A02F2F /* Debug */,
				10A1D16E1F93FC7B00A02F2F /* Release */,
			);
			defaultConfigurationIsVisible = 0;
			defaultConfigurationName = Release;
		};
/* End XCConfigurationList section */
	};
	rootObject = 10A1D1521F93FC7B00A02F2F /* Project object */;
}
